
Microsoft Visual Studio Solution File, Format Version 12.00
# Visual Studio Version 16
VisualStudioVersion = 16.0.31112.23
MinimumVisualStudioVersion = 10.0.40219.1
Project("{FAE04EC0-301F-11D3-BF4B-00C04F79EFBC}") = "SIMS Projekat", "SIMS Projekat\SIMS Projekat.csproj", "{34257D86-8BEC-4BE8-B735-9D0BB66E42B1}"
EndProject
Global
	GlobalSection(SolutionConfigurationPlatforms) = preSolution
		Debug|Any CPU = Debug|Any CPU
		Release|Any CPU = Release|Any CPU
	EndGlobalSection
	GlobalSection(ProjectConfigurationPlatforms) = postSolution
		{34257D86-8BEC-4BE8-B735-9D0BB66E42B1}.Debug|Any CPU.ActiveCfg = Debug|Any CPU
		{34257D86-8BEC-4BE8-B735-9D0BB66E42B1}.Debug|Any CPU.Build.0 = Debug|Any CPU
		{34257D86-8BEC-4BE8-B735-9D0BB66E42B1}.Release|Any CPU.ActiveCfg = Release|Any CPU
		{34257D86-8BEC-4BE8-B735-9D0BB66E42B1}.Release|Any CPU.Build.0 = Release|Any CPU
	EndGlobalSection
	GlobalSection(SolutionProperties) = preSolution
		HideSolutionNode = FALSE
	EndGlobalSection
	GlobalSection(ExtensibilityGlobals) = postSolution
		SolutionGuid = {6DFB47E4-84C4-4F71-A48F-A353D03E5B54}
	EndGlobalSection
EndGlobal
